
Microsoft Visual Studio Solution File, Format Version 12.00
# Visual Studio Version 17
VisualStudioVersion = 17.9.34607.119
MinimumVisualStudioVersion = 10.0.40219.1
Project("{9A19103F-16F7-4668-BE54-9A1E7A4F7556}") = "FoxAndRabit", "FoxAndRabit\FoxAndRabit.csproj", "{53939CE9-80A8-42A6-9AF3-32F0F15335BA}"
EndProject
Project("{9A19103F-16F7-4668-BE54-9A1E7A4F7556}") = "FoxAndRabitTests", "FoxAndRabitTests\FoxAndRabitTests.csproj", "{E5BF2067-182E-42E3-B9CA-72F2EA1BCF44}"
EndProject
Project("{FAE04EC0-301F-11D3-BF4B-00C04F79EFBC}") = "VisialFoxAndRabbit", "VisialFoxAndRabbit\VisialFoxAndRabbit.csproj", "{45D296D2-83F9-4368-AFFB-E75375F8C0BB}"
EndProject
Global
	GlobalSection(SolutionConfigurationPlatforms) = preSolution
		Debug|Any CPU = Debug|Any CPU
		Release|Any CPU = Release|Any CPU
	EndGlobalSection
	GlobalSection(ProjectConfigurationPlatforms) = postSolution
		{53939CE9-80A8-42A6-9AF3-32F0F15335BA}.Debug|Any CPU.ActiveCfg = Debug|Any CPU
		{53939CE9-80A8-42A6-9AF3-32F0F15335BA}.Debug|Any CPU.Build.0 = Debug|Any CPU
		{53939CE9-80A8-42A6-9AF3-32F0F15335BA}.Release|Any CPU.ActiveCfg = Release|Any CPU
		{53939CE9-80A8-42A6-9AF3-32F0F15335BA}.Release|Any CPU.Build.0 = Release|Any CPU
		{E5BF2067-182E-42E3-B9CA-72F2EA1BCF44}.Debug|Any CPU.ActiveCfg = Debug|Any CPU
		{E5BF2067-182E-42E3-B9CA-72F2EA1BCF44}.Debug|Any CPU.Build.0 = Debug|Any CPU
		{E5BF2067-182E-42E3-B9CA-72F2EA1BCF44}.Release|Any CPU.ActiveCfg = Release|Any CPU
		{E5BF2067-182E-42E3-B9CA-72F2EA1BCF44}.Release|Any CPU.Build.0 = Release|Any CPU
		{45D296D2-83F9-4368-AFFB-E75375F8C0BB}.Debug|Any CPU.ActiveCfg = Debug|Any CPU
		{45D296D2-83F9-4368-AFFB-E75375F8C0BB}.Debug|Any CPU.Build.0 = Debug|Any CPU
		{45D296D2-83F9-4368-AFFB-E75375F8C0BB}.Release|Any CPU.ActiveCfg = Release|Any CPU
		{45D296D2-83F9-4368-AFFB-E75375F8C0BB}.Release|Any CPU.Build.0 = Release|Any CPU
	EndGlobalSection
	GlobalSection(SolutionProperties) = preSolution
		HideSolutionNode = FALSE
	EndGlobalSection
	GlobalSection(ExtensibilityGlobals) = postSolution
		SolutionGuid = {F44B1A90-9F96-4FA3-9BE8-4F10A297C53D}
	EndGlobalSection
EndGlobal
